
Microsoft Visual Studio Solution File, Format Version 12.00
# Visual Studio Version 17
VisualStudioVersion = 17.1.32120.378
MinimumVisualStudioVersion = 10.0.40219.1
Project("{9A19103F-16F7-4668-BE54-9A1E7A4F7556}") = "CoreIdentity", "CoreIdentity\CoreIdentity.csproj", "{586100F4-2C55-483A-B691-72A069A27F4D}"
EndProject
Global
	GlobalSection(SolutionConfigurationPlatforms) = preSolution
		Debug|Any CPU = Debug|Any CPU
		Release|Any CPU = Release|Any CPU
	EndGlobalSection
	GlobalSection(ProjectConfigurationPlatforms) = postSolution
		{586100F4-2C55-483A-B691-72A069A27F4D}.Debug|Any CPU.ActiveCfg = Debug|Any CPU
		{586100F4-2C55-483A-B691-72A069A27F4D}.Debug|Any CPU.Build.0 = Debug|Any CPU
		{586100F4-2C55-483A-B691-72A069A27F4D}.Release|Any CPU.ActiveCfg = Release|Any CPU
		{586100F4-2C55-483A-B691-72A069A27F4D}.Release|Any CPU.Build.0 = Release|Any CPU
	EndGlobalSection
	GlobalSection(SolutionProperties) = preSolution
		HideSolutionNode = FALSE
	EndGlobalSection
	GlobalSection(ExtensibilityGlobals) = postSolution
		SolutionGuid = {8D029145-6E14-4021-8654-BD0E305FE637}
	EndGlobalSection
EndGlobal
